
Microsoft Visual Studio Solution File, Format Version 12.00
# Visual Studio Version 16
VisualStudioVersion = 16.0.32002.261
MinimumVisualStudioVersion = 10.0.40219.1
Project("{9A19103F-16F7-4668-BE54-9A1E7A4F7556}") = "WebHelpers.Mvc5", "WebHelpers.Mvc5\WebHelpers.Mvc5.csproj", "{1F4B4531-9B08-4BC8-9DF1-0EE7A4C80FE0}"
EndProject
Project("{2150E333-8FDC-42A3-9474-1A3956D46DE8}") = "Solution Items", "Solution Items", "{76C477F6-EE6A-42FA-A794-77C24722AB4D}"
	ProjectSection(SolutionItems) = preProject
		..\README.md = ..\README.md
		WebHelpers.Mvc5\WebHelpers.Mvc5.nuspec = WebHelpers.Mvc5\WebHelpers.Mvc5.nuspec
	EndProjectSection
EndProject
Project("{9A19103F-16F7-4668-BE54-9A1E7A4F7556}") = "WebHelpers.Mvc5.Demo", "..\tests\WebHelpers.Mvc5.Demo\WebHelpers.Mvc5.Demo.csproj", "{119FEE2B-5898-4D29-9248-16181F964C43}"
EndProject
Project("{9A19103F-16F7-4668-BE54-9A1E7A4F7556}") = "WebHelpers.Mvc5.Test", "..\tests\WebHelpers.Mvc5.Test\WebHelpers.Mvc5.Test.csproj", "{20D7399E-B9A9-472A-912D-205A51B57476}"
EndProject
Global
	GlobalSection(SolutionConfigurationPlatforms) = preSolution
		Debug|Any CPU = Debug|Any CPU
		Release|Any CPU = Release|Any CPU
	EndGlobalSection
	GlobalSection(ProjectConfigurationPlatforms) = postSolution
		{1F4B4531-9B08-4BC8-9DF1-0EE7A4C80FE0}.Debug|Any CPU.ActiveCfg = Debug|Any CPU
		{1F4B4531-9B08-4BC8-9DF1-0EE7A4C80FE0}.Debug|Any CPU.Build.0 = Debug|Any CPU
		{1F4B4531-9B08-4BC8-9DF1-0EE7A4C80FE0}.Release|Any CPU.ActiveCfg = Release|Any CPU
		{1F4B4531-9B08-4BC8-9DF1-0EE7A4C80FE0}.Release|Any CPU.Build.0 = Release|Any CPU
		{119FEE2B-5898-4D29-9248-16181F964C43}.Debug|Any CPU.ActiveCfg = Debug|Any CPU
		{119FEE2B-5898-4D29-9248-16181F964C43}.Debug|Any CPU.Build.0 = Debug|Any CPU
		{119FEE2B-5898-4D29-9248-16181F964C43}.Release|Any CPU.ActiveCfg = Release|Any CPU
		{119FEE2B-5898-4D29-9248-16181F964C43}.Release|Any CPU.Build.0 = Release|Any CPU
		{20D7399E-B9A9-472A-912D-205A51B57476}.Debug|Any CPU.ActiveCfg = Debug|Any CPU
		{20D7399E-B9A9-472A-912D-205A51B57476}.Debug|Any CPU.Build.0 = Debug|Any CPU
		{20D7399E-B9A9-472A-912D-205A51B57476}.Release|Any CPU.ActiveCfg = Release|Any CPU
		{20D7399E-B9A9-472A-912D-205A51B57476}.Release|Any CPU.Build.0 = Release|Any CPU
	EndGlobalSection
	GlobalSection(SolutionProperties) = preSolution
		HideSolutionNode = FALSE
	EndGlobalSection
	GlobalSection(ExtensibilityGlobals) = postSolution
		SolutionGuid = {E608AA90-3065-4D1C-A7F3-B5B80B8E2C98}
	EndGlobalSection
EndGlobal
